
Microsoft Visual Studio Solution File, Format Version 12.00
# Visual Studio Version 17
VisualStudioVersion = 17.10.34928.147
MinimumVisualStudioVersion = 10.0.40219.1
Project("{FAE04EC0-301F-11D3-BF4B-00C04F79EFBC}") = "LoginTest", "LoginTest\LoginTest.csproj", "{14520E7A-CE47-4C90-BDE3-2CE5CE6D396B}"
EndProject
Global
	GlobalSection(SolutionConfigurationPlatforms) = preSolution
		Debug|Any CPU = Debug|Any CPU
		Release|Any CPU = Release|Any CPU
	EndGlobalSection
	GlobalSection(ProjectConfigurationPlatforms) = postSolution
		{14520E7A-CE47-4C90-BDE3-2CE5CE6D396B}.Debug|Any CPU.ActiveCfg = Debug|Any CPU
		{14520E7A-CE47-4C90-BDE3-2CE5CE6D396B}.Debug|Any CPU.Build.0 = Debug|Any CPU
		{14520E7A-CE47-4C90-BDE3-2CE5CE6D396B}.Release|Any CPU.ActiveCfg = Release|Any CPU
		{14520E7A-CE47-4C90-BDE3-2CE5CE6D396B}.Release|Any CPU.Build.0 = Release|Any CPU
	EndGlobalSection
	GlobalSection(SolutionProperties) = preSolution
		HideSolutionNode = FALSE
	EndGlobalSection
	GlobalSection(ExtensibilityGlobals) = postSolution
		SolutionGuid = {A2EFE284-57AD-4143-A992-D4D968C8149E}
	EndGlobalSection
EndGlobal
